// !$*UTF8*$!
{
	archiveVersion = 1;
	classes = {
	};
	objectVersion = 46;
	objects = {

/* Begin PBXBuildFile section */
		B4C5836E1D07FF6900EF508A /* main.m in Sources */ = {isa = PBXBuildFile; fileRef = B4C5836D1D07FF6900EF508A /* main.m */; };
		B4C583711D07FF6900EF508A /* AppDelegate.m in Sources */ = {isa = PBXBuildFile; fileRef = B4C583701D07FF6900EF508A /* AppDelegate.m */; };
		B4C583741D07FF6900EF508A /* ViewController.m in Sources */ = {isa = PBXBuildFile; fileRef = B4C583731D07FF6900EF508A /* ViewController.m */; };
		B4C583771D07FF6900EF508A /* Main.storyboard in Resources */ = {isa = PBXBuildFile; fileRef = B4C583751D07FF6900EF508A /* Main.storyboard */; };
		B4C583791D07FF6900EF508A /* Assets.xcassets in Resources */ = {isa = PBXBuildFile; fileRef = B4C583781D07FF6900EF508A /* Assets.xcassets */; };
		B4C5837C1D07FF6900EF508A /* LaunchScreen.storyboard in Resources */ = {isa = PBXBuildFile; fileRef = B4C5837A1D07FF6900EF508A /* LaunchScreen.storyboard */; };
		B4C583871D07FF6900EF508A /* notifTests.m in Sources */ = {isa = PBXBuildFile; fileRef = B4C583861D07FF6900EF508A /* notifTests.m */; };
		B4C583921D07FF6900EF508A /* notifUITests.m in Sources */ = {isa = PBXBuildFile; fileRef = B4C583911D07FF6900EF508A /* notifUITests.m */; };
		B4C583A41D083D1F00EF508A /* HYBUMessageHelper.m in Sources */ = {isa = PBXBuildFile; fileRef = B4C583A31D083D1F00EF508A /* HYBUMessageHelper.m */; };
		B4C583A81D08405400EF508A /* libUMessage_Sdk_1.3.0.a in Frameworks */ = {isa = PBXBuildFile; fileRef = B4C583A61D08405400EF508A /* libUMessage_Sdk_1.3.0.a */; };
		B4C583BA1D084D2D00EF508A /* InfoPlist.strings in Resources */ = {isa = PBXBuildFile; fileRef = B4C583BC1D084D2D00EF508A /* InfoPlist.strings */; };
/* End PBXBuildFile section */

/* Begin PBXContainerItemProxy section */
		B4C583831D07FF6900EF508A /* PBXContainerItemProxy */ = {
			isa = PBXContainerItemProxy;
			containerPortal = B4C583611D07FF6900EF508A /* Project object */;
			proxyType = 1;
			remoteGlobalIDString = B4C583681D07FF6900EF508A;
			remoteInfo = notif;
		};
		B4C5838E1D07FF6900EF508A /* PBXContainerItemProxy */ = {
			isa = PBXContainerItemProxy;
			containerPortal = B4C583611D07FF6900EF508A /* Project object */;
			proxyType = 1;
			remoteGlobalIDString = B4C583681D07FF6900EF508A;
			remoteInfo = notif;
		};
/* End PBXContainerItemProxy section */

/* Begin PBXFileReference section */
		B4C583691D07FF6900EF508A /* notif.app */ = {isa = PBXFileReference; explicitFileType = wrapper.application; includeInIndex = 0; path = notif.app; sourceTree = BUILT_PRODUCTS_DIR; };
		B4C5836D1D07FF6900EF508A /* main.m */ = {isa = PBXFileReference; lastKnownFileType = sourcecode.c.objc; path = main.m; sourceTree = "<group>"; };
		B4C5836F1D07FF6900EF508A /* AppDelegate.h */ = {isa = PBXFileReference; lastKnownFileType = sourcecode.c.h; path = AppDelegate.h; sourceTree = "<group>"; };
		B4C583701D07FF6900EF508A /* AppDelegate.m */ = {isa = PBXFileReference; lastKnownFileType = sourcecode.c.objc; path = AppDelegate.m; sourceTree = "<group>"; };
		B4C583721D07FF6900EF508A /* ViewController.h */ = {isa = PBXFileReference; lastKnownFileType = sourcecode.c.h; path = ViewController.h; sourceTree = "<group>"; };
		B4C583731D07FF6900EF508A /* ViewController.m */ = {isa = PBXFileReference; lastKnownFileType = sourcecode.c.objc; path = ViewController.m; sourceTree = "<group>"; };
		B4C583761D07FF6900EF508A /* Base */ = {isa = PBXFileReference; lastKnownFileType = file.storyboard; name = Base; path = Base.lproj/Main.storyboard; sourceTree = "<group>"; };
		B4C583781D07FF6900EF508A /* Assets.xcassets */ = {isa = PBXFileReference; lastKnownFileType = folder.assetcatalog; path = Assets.xcassets; sourceTree = "<group>"; };
		B4C5837B1D07FF6900EF508A /* Base */ = {isa = PBXFileReference; lastKnownFileType = file.storyboard; name = Base; path = Base.lproj/LaunchScreen.storyboard; sourceTree = "<group>"; };
		B4C5837D1D07FF6900EF508A /* Info.plist */ = {isa = PBXFileReference; lastKnownFileType = text.plist.xml; path = Info.plist; sourceTree = "<group>"; };
		B4C583821D07FF6900EF508A /* notifTests.xctest */ = {isa = PBXFileReference; explicitFileType = wrapper.cfbundle; includeInIndex = 0; path = notifTests.xctest; sourceTree = BUILT_PRODUCTS_DIR; };
		B4C583861D07FF6900EF508A /* notifTests.m */ = {isa = PBXFileReference; lastKnownFileType = sourcecode.c.objc; path = notifTests.m; sourceTree = "<group>"; };
		B4C583881D07FF6900EF508A /* Info.plist */ = {isa = PBXFileReference; lastKnownFileType = text.plist.xml; path = Info.plist; sourceTree = "<group>"; };
		B4C5838D1D07FF6900EF508A /* notifUITests.xctest */ = {isa = PBXFileReference; explicitFileType = wrapper.cfbundle; includeInIndex = 0; path = notifUITests.xctest; sourceTree = BUILT_PRODUCTS_DIR; };
		B4C583911D07FF6900EF508A /* notifUITests.m */ = {isa = PBXFileReference; lastKnownFileType = sourcecode.c.objc; path = notifUITests.m; sourceTree = "<group>"; };
		B4C583931D07FF6900EF508A /* Info.plist */ = {isa = PBXFileReference; lastKnownFileType = text.plist.xml; path = Info.plist; sourceTree = "<group>"; };
		B4C583A21D083D1F00EF508A /* HYBUMessageHelper.h */ = {isa = PBXFileReference; fileEncoding = 4; lastKnownFileType = sourcecode.c.h; path = HYBUMessageHelper.h; sourceTree = "<group>"; };
		B4C583A31D083D1F00EF508A /* HYBUMessageHelper.m */ = {isa = PBXFileReference; fileEncoding = 4; lastKnownFileType = sourcecode.c.objc; path = HYBUMessageHelper.m; sourceTree = "<group>"; };
		B4C583A61D08405400EF508A /* libUMessage_Sdk_1.3.0.a */ = {isa = PBXFileReference; lastKnownFileType = archive.ar; path = libUMessage_Sdk_1.3.0.a; sourceTree = "<group>"; };
		B4C583A71D08405400EF508A /* UMessage.h */ = {isa = PBXFileReference; fileEncoding = 4; lastKnownFileType = sourcecode.c.h; path = UMessage.h; sourceTree = "<group>"; };
		B4C583AC1D084C7600EF508A /* zh-Hans */ = {isa = PBXFileReference; lastKnownFileType = text.plist.strings; name = "zh-Hans"; path = "zh-Hans.lproj/Main.strings"; sourceTree = "<group>"; };
		B4C583AD1D084C7600EF508A /* zh-Hans */ = {isa = PBXFileReference; lastKnownFileType = text.plist.strings; name = "zh-Hans"; path = "zh-Hans.lproj/LaunchScreen.strings"; sourceTree = "<group>"; };
		B4C583AE1D084C7F00EF508A /* zh-Hant */ = {isa = PBXFileReference; lastKnownFileType = text.plist.strings; name = "zh-Hant"; path = "zh-Hant.lproj/Main.strings"; sourceTree = "<group>"; };
		B4C583AF1D084C7F00EF508A /* zh-Hant */ = {isa = PBXFileReference; lastKnownFileType = text.plist.strings; name = "zh-Hant"; path = "zh-Hant.lproj/LaunchScreen.strings"; sourceTree = "<group>"; };
		B4C583B01D084C8600EF508A /* fr */ = {isa = PBXFileReference; lastKnownFileType = text.plist.strings; name = fr; path = fr.lproj/Main.strings; sourceTree = "<group>"; };
		B4C583B11D084C8600EF508A /* fr */ = {isa = PBXFileReference; lastKnownFileType = text.plist.strings; name = fr; path = fr.lproj/LaunchScreen.strings; sourceTree = "<group>"; };
		B4C583B21D084C8A00EF508A /* ja */ = {isa = PBXFileReference; lastKnownFileType = text.plist.strings; name = ja; path = ja.lproj/Main.strings; sourceTree = "<group>"; };
		B4C583B31D084C8A00EF508A /* ja */ = {isa = PBXFileReference; lastKnownFileType = text.plist.strings; name = ja; path = ja.lproj/LaunchScreen.strings; sourceTree = "<group>"; };
		B4C583B41D084C9200EF508A /* de */ = {isa = PBXFileReference; lastKnownFileType = text.plist.strings; name = de; path = de.lproj/Main.strings; sourceTree = "<group>"; };
		B4C583B51D084C9200EF508A /* de */ = {isa = PBXFileReference; lastKnownFileType = text.plist.strings; name = de; path = de.lproj/LaunchScreen.strings; sourceTree = "<group>"; };
		B4C583BD1D084D3500EF508A /* en */ = {isa = PBXFileReference; lastKnownFileType = text.plist.strings; name = en; path = en.lproj/InfoPlist.strings; sourceTree = "<group>"; };
		B4C583BE1D084D3C00EF508A /* zh-Hans */ = {isa = PBXFileReference; lastKnownFileType = text.plist.strings; name = "zh-Hans"; path = "zh-Hans.lproj/InfoPlist.strings"; sourceTree = "<group>"; };
		B4C583BF1D084D3F00EF508A /* zh-Hant */ = {isa = PBXFileReference; lastKnownFileType = text.plist.strings; name = "zh-Hant"; path = "zh-Hant.lproj/InfoPlist.strings"; sourceTree = "<group>"; };
		B4C583C01D084D4000EF508A /* fr */ = {isa = PBXFileReference; lastKnownFileType = text.plist.strings; name = fr; path = fr.lproj/InfoPlist.strings; sourceTree = "<group>"; };
		B4C583C11D084D4100EF508A /* de */ = {isa = PBXFileReference; lastKnownFileType = text.plist.strings; name = de; path = de.lproj/InfoPlist.strings; sourceTree = "<group>"; };
		B4C583C21D084D4200EF508A /* ja */ = {isa = PBXFileReference; lastKnownFileType = text.plist.strings; name = ja; path = ja.lproj/InfoPlist.strings; sourceTree = "<group>"; };
/* End PBXFileReference section */

/* Begin PBXFrameworksBuildPhase section */
		B4C583661D07FF6900EF508A /* Frameworks */ = {
			isa = PBXFrameworksBuildPhase;
			buildActionMask = 2147483647;
			files = (
				B4C583A81D08405400EF508A /* libUMessage_Sdk_1.3.0.a in Frameworks */,
			);
			runOnlyForDeploymentPostprocessing = 0;
		};
		B4C5837F1D07FF6900EF508A /* Frameworks */ = {
			isa = PBXFrameworksBuildPhase;
			buildActionMask = 2147483647;
			files = (
			);
			runOnlyForDeploymentPostprocessing = 0;
		};
		B4C5838A1D07FF6900EF508A /* Frameworks */ = {
			isa = PBXFrameworksBuildPhase;
			buildActionMask = 2147483647;
			files = (
			);
			runOnlyForDeploymentPostprocessing = 0;
		};
/* End PBXFrameworksBuildPhase section */

/* Begin PBXGroup section */
		B4C583601D07FF6900EF508A = {
			isa = PBXGroup;
			children = (
				B4C5836B1D07FF6900EF508A /* notif */,
				B4C583851D07FF6900EF508A /* notifTests */,
				B4C583901D07FF6900EF508A /* notifUITests */,
				B4C5836A1D07FF6900EF508A /* Products */,
			);
			sourceTree = "<group>";
		};
		B4C5836A1D07FF6900EF508A /* Products */ = {
			isa = PBXGroup;
			children = (
				B4C583691D07FF6900EF508A /* notif.app */,
				B4C583821D07FF6900EF508A /* notifTests.xctest */,
				B4C5838D1D07FF6900EF508A /* notifUITests.xctest */,
			);
			name = Products;
			sourceTree = "<group>";
		};
		B4C5836B1D07FF6900EF508A /* notif */ = {
			isa = PBXGroup;
			children = (
				B4C583A51D08405400EF508A /* UMessage_Sdk_1.3.0 */,
				B4C5836F1D07FF6900EF508A /* AppDelegate.h */,
				B4C583701D07FF6900EF508A /* AppDelegate.m */,
				B4C583A21D083D1F00EF508A /* HYBUMessageHelper.h */,
				B4C583A31D083D1F00EF508A /* HYBUMessageHelper.m */,
				B4C583721D07FF6900EF508A /* ViewController.h */,
				B4C583731D07FF6900EF508A /* ViewController.m */,
				B4C583751D07FF6900EF508A /* Main.storyboard */,
				B4C583781D07FF6900EF508A /* Assets.xcassets */,
				B4C5837A1D07FF6900EF508A /* LaunchScreen.storyboard */,
				B4C5837D1D07FF6900EF508A /* Info.plist */,
				B4C5836C1D07FF6900EF508A /* Supporting Files */,
			);
			path = notif;
			sourceTree = "<group>";
		};
		B4C5836C1D07FF6900EF508A /* Supporting Files */ = {
			isa = PBXGroup;
			children = (
				B4C5836D1D07FF6900EF508A /* main.m */,
				B4C583BC1D084D2D00EF508A /* InfoPlist.strings */,
			);
			name = "Supporting Files";
			sourceTree = "<group>";
		};
		B4C583851D07FF6900EF508A /* notifTests */ = {
			isa = PBXGroup;
			children = (
				B4C583861D07FF6900EF508A /* notifTests.m */,
				B4C583881D07FF6900EF508A /* Info.plist */,
			);
			path = notifTests;
			sourceTree = "<group>";
		};
		B4C583901D07FF6900EF508A /* notifUITests */ = {
			isa = PBXGroup;
			children = (
				B4C583911D07FF6900EF508A /* notifUITests.m */,
				B4C583931D07FF6900EF508A /* Info.plist */,
			);
			path = notifUITests;
			sourceTree = "<group>";
		};
		B4C583A51D08405400EF508A /* UMessage_Sdk_1.3.0 */ = {
			isa = PBXGroup;
			children = (
				B4C583A61D08405400EF508A /* libUMessage_Sdk_1.3.0.a */,
				B4C583A71D08405400EF508A /* UMessage.h */,
			);
			path = UMessage_Sdk_1.3.0;
			sourceTree = "<group>";
		};
/* End PBXGroup section */

/* Begin PBXNativeTarget section */
		B4C583681D07FF6900EF508A /* notif */ = {
			isa = PBXNativeTarget;
			buildConfigurationList = B4C583961D07FF6900EF508A /* Build configuration list for PBXNativeTarget "notif" */;
			buildPhases = (
				B4C583651D07FF6900EF508A /* Sources */,
				B4C583661D07FF6900EF508A /* Frameworks */,
				B4C583671D07FF6900EF508A /* Resources */,
			);
			buildRules = (
			);
			dependencies = (
			);
			name = notif;
			productName = notif;
			productReference = B4C583691D07FF6900EF508A /* notif.app */;
			productType = "com.apple.product-type.application";
		};
		B4C583811D07FF6900EF508A /* notifTests */ = {
			isa = PBXNativeTarget;
			buildConfigurationList = B4C583991D07FF6900EF508A /* Build configuration list for PBXNativeTarget "notifTests" */;
			buildPhases = (
				B4C5837E1D07FF6900EF508A /* Sources */,
				B4C5837F1D07FF6900EF508A /* Frameworks */,
				B4C583801D07FF6900EF508A /* Resources */,
			);
			buildRules = (
			);
			dependencies = (
				B4C583841D07FF6900EF508A /* PBXTargetDependency */,
			);
			name = notifTests;
			productName = notifTests;
			productReference = B4C583821D07FF6900EF508A /* notifTests.xctest */;
			productType = "com.apple.product-type.bundle.unit-test";
		};
		B4C5838C1D07FF6900EF508A /* notifUITests */ = {
			isa = PBXNativeTarget;
			buildConfigurationList = B4C5839C1D07FF6900EF508A /* Build configuration list for PBXNativeTarget "notifUITests" */;
			buildPhases = (
				B4C583891D07FF6900EF508A /* Sources */,
				B4C5838A1D07FF6900EF508A /* Frameworks */,
				B4C5838B1D07FF6900EF508A /* Resources */,
			);
			buildRules = (
			);
			dependencies = (
				B4C5838F1D07FF6900EF508A /* PBXTargetDependency */,
			);
			name = notifUITests;
			productName = notifUITests;
			productReference = B4C5838D1D07FF6900EF508A /* notifUITests.xctest */;
			productType = "com.apple.product-type.bundle.ui-testing";
		};
/* End PBXNativeTarget section */

/* Begin PBXProject section */
		B4C583611D07FF6900EF508A /* Project object */ = {
			isa = PBXProject;
			attributes = {
				LastUpgradeCheck = 0730;
				ORGANIZATIONNAME = lkshine;
				TargetAttributes = {
					B4C583681D07FF6900EF508A = {
						CreatedOnToolsVersion = 7.3.1;
						DevelopmentTeam = EZC358HW3Z;
					};
					B4C583811D07FF6900EF508A = {
						CreatedOnToolsVersion = 7.3.1;
						TestTargetID = B4C583681D07FF6900EF508A;
					};
					B4C5838C1D07FF6900EF508A = {
						CreatedOnToolsVersion = 7.3.1;
						TestTargetID = B4C583681D07FF6900EF508A;
					};
				};
			};
			buildConfigurationList = B4C583641D07FF6900EF508A /* Build configuration list for PBXProject "notif" */;
			compatibilityVersion = "Xcode 3.2";
			developmentRegion = English;
			hasScannedForEncodings = 0;
			knownRegions = (
				en,
				Base,
				"zh-Hans",
				"zh-Hant",
				fr,
				de,
				ja,
			);
			mainGroup = B4C583601D07FF6900EF508A;
			productRefGroup = B4C5836A1D07FF6900EF508A /* Products */;
			projectDirPath = "";
			projectRoot = "";
			targets = (
				B4C583681D07FF6900EF508A /* notif */,
				B4C583811D07FF6900EF508A /* notifTests */,
				B4C5838C1D07FF6900EF508A /* notifUITests */,
			);
		};
/* End PBXProject section */

/* Begin PBXResourcesBuildPhase section */
		B4C583671D07FF6900EF508A /* Resources */ = {
			isa = PBXResourcesBuildPhase;
			buildActionMask = 2147483647;
			files = (
				B4C5837C1D07FF6900EF508A /* LaunchScreen.storyboard in Resources */,
				B4C583BA1D084D2D00EF508A /* InfoPlist.strings in Resources */,
				B4C583791D07FF6900EF508A /* Assets.xcassets in Resources */,
				B4C583771D07FF6900EF508A /* Main.storyboard in Resources */,
			);
			runOnlyForDeploymentPostprocessing = 0;
		};
		B4C583801D07FF6900EF508A /* Resources */ = {
			isa = PBXResourcesBuildPhase;
			buildActionMask = 2147483647;
			files = (
			);
			runOnlyForDeploymentPostprocessing = 0;
		};
		B4C5838B1D07FF6900EF508A /* Resources */ = {
			isa = PBXResourcesBuildPhase;
			buildActionMask = 2147483647;
			files = (
			);
			runOnlyForDeploymentPostprocessing = 0;
		};
/* End PBXResourcesBuildPhase section */

/* Begin PBXSourcesBuildPhase section */
		B4C583651D07FF6900EF508A /* Sources */ = {
			isa = PBXSourcesBuildPhase;
			buildActionMask = 2147483647;
			files = (
				B4C583741D07FF6900EF508A /* ViewController.m in Sources */,
				B4C583711D07FF6900EF508A /* AppDelegate.m in Sources */,
				B4C5836E1D07FF6900EF508A /* main.m in Sources */,
				B4C583A41D083D1F00EF508A /* HYBUMessageHelper.m in Sources */,
			);
			runOnlyForDeploymentPostprocessing = 0;
		};
		B4C5837E1D07FF6900EF508A /* Sources */ = {
			isa = PBXSourcesBuildPhase;
			buildActionMask = 2147483647;
			files = (
				B4C583871D07FF6900EF508A /* notifTests.m in Sources */,
			);
			runOnlyForDeploymentPostprocessing = 0;
		};
		B4C583891D07FF6900EF508A /* Sources */ = {
			isa = PBXSourcesBuildPhase;
			buildActionMask = 2147483647;
			files = (
				B4C583921D07FF6900EF508A /* notifUITests.m in Sources */,
			);
			runOnlyForDeploymentPostprocessing = 0;
		};
/* End PBXSourcesBuildPhase section */

/* Begin PBXTargetDependency section */
		B4C583841D07FF6900EF508A /* PBXTargetDependency */ = {
			isa = PBXTargetDependency;
			target = B4C583681D07FF6900EF508A /* notif */;
			targetProxy = B4C583831D07FF6900EF508A /* PBXContainerItemProxy */;
		};
		B4C5838F1D07FF6900EF508A /* PBXTargetDependency */ = {
			isa = PBXTargetDependency;
			target = B4C583681D07FF6900EF508A /* notif */;
			targetProxy = B4C5838E1D07FF6900EF508A /* PBXContainerItemProxy */;
		};
/* End PBXTargetDependency section */

/* Begin PBXVariantGroup section */
		B4C583751D07FF6900EF508A /* Main.storyboard */ = {
			isa = PBXVariantGroup;
			children = (
				B4C583761D07FF6900EF508A /* Base */,
				B4C583AC1D084C7600EF508A /* zh-Hans */,
				B4C583AE1D084C7F00EF508A /* zh-Hant */,
				B4C583B01D084C8600EF508A /* fr */,
				B4C583B21D084C8A00EF508A /* ja */,
				B4C583B41D084C9200EF508A /* de */,
			);
			name = Main.storyboard;
			sourceTree = "<group>";
		};
		B4C5837A1D07FF6900EF508A /* LaunchScreen.storyboard */ = {
			isa = PBXVariantGroup;
			children = (
				B4C5837B1D07FF6900EF508A /* Base */,
				B4C583AD1D084C7600EF508A /* zh-Hans */,
				B4C583AF1D084C7F00EF508A /* zh-Hant */,
				B4C583B11D084C8600EF508A /* fr */,
				B4C583B31D084C8A00EF508A /* ja */,
				B4C583B51D084C9200EF508A /* de */,
			);
			name = LaunchScreen.storyboard;
			sourceTree = "<group>";
		};
		B4C583BC1D084D2D00EF508A /* InfoPlist.strings */ = {
			isa = PBXVariantGroup;
			children = (
				B4C583BD1D084D3500EF508A /* en */,
				B4C583BE1D084D3C00EF508A /* zh-Hans */,
				B4C583BF1D084D3F00EF508A /* zh-Hant */,
				B4C583C01D084D4000EF508A /* fr */,
				B4C583C11D084D4100EF508A /* de */,
				B4C583C21D084D4200EF508A /* ja */,
			);
			name = InfoPlist.strings;
			sourceTree = "<group>";
		};
/* End PBXVariantGroup section */

/* Begin XCBuildConfiguration section */
		B4C583941D07FF6900EF508A /* Debug */ = {
			isa = XCBuildConfiguration;
			buildSettings = {
				ALWAYS_SEARCH_USER_PATHS = NO;
				CLANG_ANALYZER_NONNULL = YES;
				CLANG_CXX_LANGUAGE_STANDARD = "gnu++0x";
				CLANG_CXX_LIBRARY = "libc++";
				CLANG_ENABLE_MODULES = YES;
				CLANG_ENABLE_OBJC_ARC = YES;
				CLANG_WARN_BOOL_CONVERSION = YES;
				CLANG_WARN_CONSTANT_CONVERSION = YES;
				CLANG_WARN_DIRECT_OBJC_ISA_USAGE = YES_ERROR;
				CLANG_WARN_EMPTY_BODY = YES;
				CLANG_WARN_ENUM_CONVERSION = YES;
				CLANG_WARN_INT_CONVERSION = YES;
				CLANG_WARN_OBJC_ROOT_CLASS = YES_ERROR;
				CLANG_WARN_UNREACHABLE_CODE = YES;
				CLANG_WARN__DUPLICATE_METHOD_MATCH = YES;
				"CODE_SIGN_IDENTITY[sdk=iphoneos*]" = "iPhone Developer";
				COPY_PHASE_STRIP = NO;
				DEBUG_INFORMATION_FORMAT = dwarf;
				ENABLE_STRICT_OBJC_MSGSEND = YES;
				ENABLE_TESTABILITY = YES;
				GCC_C_LANGUAGE_STANDARD = gnu99;
				GCC_DYNAMIC_NO_PIC = NO;
				GCC_NO_COMMON_BLOCKS = YES;
				GCC_OPTIMIZATION_LEVEL = 0;
				GCC_PREPROCESSOR_DEFINITIONS = (
					"DEBUG=1",
					"$(inherited)",
				);
				GCC_WARN_64_TO_32_BIT_CONVERSION = YES;
				GCC_WARN_ABOUT_RETURN_TYPE = YES_ERROR;
				GCC_WARN_UNDECLARED_SELECTOR = YES;
				GCC_WARN_UNINITIALIZED_AUTOS = YES_AGGRESSIVE;
				GCC_WARN_UNUSED_FUNCTION = YES;
				GCC_WARN_UNUSED_VARIABLE = YES;
				IPHONEOS_DEPLOYMENT_TARGET = 9.3;
				MTL_ENABLE_DEBUG_INFO = YES;
				ONLY_ACTIVE_ARCH = YES;
				SDKROOT = iphoneos;
				TARGETED_DEVICE_FAMILY = "1,2";
			};
			name = Debug;
		};
		B4C583951D07FF6900EF508A /* Release */ = {
			isa = XCBuildConfiguration;
			buildSettings = {
				ALWAYS_SEARCH_USER_PATHS = NO;
				CLANG_ANALYZER_NONNULL = YES;
				CLANG_CXX_LANGUAGE_STANDARD = "gnu++0x";
				CLANG_CXX_LIBRARY = "libc++";
				CLANG_ENABLE_MODULES = YES;
				CLANG_ENABLE_OBJC_ARC = YES;
				CLANG_WARN_BOOL_CONVERSION = YES;
				CLANG_WARN_CONSTANT_CONVERSION = YES;
				CLANG_WARN_DIRECT_OBJC_ISA_USAGE = YES_ERROR;
				CLANG_WARN_EMPTY_BODY = YES;
				CLANG_WARN_ENUM_CONVERSION = YES;
				CLANG_WARN_INT_CONVERSION = YES;
				CLANG_WARN_OBJC_ROOT_CLASS = YES_ERROR;
				CLANG_WARN_UNREACHABLE_CODE = YES;
				CLANG_WARN__DUPLICATE_METHOD_MATCH = YES;
				"CODE_SIGN_IDENTITY[sdk=iphoneos*]" = "iPhone Developer";
				COPY_PHASE_STRIP = NO;
				DEBUG_INFORMATION_FORMAT = "dwarf-with-dsym";
				ENABLE_NS_ASSERTIONS = NO;
				ENABLE_STRICT_OBJC_MSGSEND = YES;
				GCC_C_LANGUAGE_STANDARD = gnu99;
				GCC_NO_COMMON_BLOCKS = YES;
				GCC_WARN_64_TO_32_BIT_CONVERSION = YES;
				GCC_WARN_ABOUT_RETURN_TYPE = YES_ERROR;
				GCC_WARN_UNDECLARED_SELECTOR = YES;
				GCC_WARN_UNINITIALIZED_AUTOS = YES_AGGRESSIVE;
				GCC_WARN_UNUSED_FUNCTION = YES;
				GCC_WARN_UNUSED_VARIABLE = YES;
				IPHONEOS_DEPLOYMENT_TARGET = 9.3;
				MTL_ENABLE_DEBUG_INFO = NO;
				SDKROOT = iphoneos;
				TARGETED_DEVICE_FAMILY = "1,2";
				VALIDATE_PRODUCT = YES;
			};
			name = Release;
		};
		B4C583971D07FF6900EF508A /* Debug */ = {
			isa = XCBuildConfiguration;
			buildSettings = {
				ASSETCATALOG_COMPILER_APPICON_NAME = AppIcon;
				CODE_SIGN_IDENTITY = "iPhone Developer: Kai Xia (C8542C4T24)";
				"CODE_SIGN_IDENTITY[sdk=iphoneos*]" = "iPhone Developer: Kai Xia (C8542C4T24)";
				INFOPLIST_FILE = notif/Info.plist;
				IPHONEOS_DEPLOYMENT_TARGET = 8.4;
				LD_RUNPATH_SEARCH_PATHS = "$(inherited) @executable_path/Frameworks";
				LIBRARY_SEARCH_PATHS = (
					"$(inherited)",
					"$(PROJECT_DIR)/notif",
					"$(PROJECT_DIR)/notif/UMessage_Sdk_1.3.0",
				);
				PRODUCT_BUNDLE_IDENTIFIER = luok.notif;
				PRODUCT_NAME = "$(TARGET_NAME)";
				PROVISIONING_PROFILE = "76895be3-5eca-461e-a6a7-5abdd38a4247";
				TARGETED_DEVICE_FAMILY = 1;
			};
			name = Debug;
		};
		B4C583981D07FF6900EF508A /* Release */ = {
			isa = XCBuildConfiguration;
			buildSettings = {
				ASSETCATALOG_COMPILER_APPICON_NAME = AppIcon;
				CODE_SIGN_IDENTITY = "iPhone Developer: Kai Xia (C8542C4T24)";
				"CODE_SIGN_IDENTITY[sdk=iphoneos*]" = "iPhone Developer: Kai Xia (C8542C4T24)";
				INFOPLIST_FILE = notif/Info.plist;
				IPHONEOS_DEPLOYMENT_TARGET = 8.4;
				LD_RUNPATH_SEARCH_PATHS = "$(inherited) @executable_path/Frameworks";
				LIBRARY_SEARCH_PATHS = (
					"$(inherited)",
					"$(PROJECT_DIR)/notif",
					"$(PROJECT_DIR)/notif/UMessage_Sdk_1.3.0",
				);
				PRODUCT_BUNDLE_IDENTIFIER = luok.notif;
				PRODUCT_NAME = "$(TARGET_NAME)";
				PROVISIONING_PROFILE = "76895be3-5eca-461e-a6a7-5abdd38a4247";
				TARGETED_DEVICE_FAMILY = 1;
			};
			name = Release;
		};
		B4C5839A1D07FF6900EF508A /* Debug */ = {
			isa = XCBuildConfiguration;
			buildSettings = {
				BUNDLE_LOADER = "$(TEST_HOST)";
				INFOPLIST_FILE = notifTests/Info.plist;
				LD_RUNPATH_SEARCH_PATHS = "$(inherited) @executable_path/Frameworks @loader_path/Frameworks";
				PRODUCT_BUNDLE_IDENTIFIER = luok.notifTests;
				PRODUCT_NAME = "$(TARGET_NAME)";
				TEST_HOST = "$(BUILT_PRODUCTS_DIR)/notif.app/notif";
			};
			name = Debug;
		};
		B4C5839B1D07FF6900EF508A /* Release */ = {
			isa = XCBuildConfiguration;
			buildSettings = {
				BUNDLE_LOADER = "$(TEST_HOST)";
				INFOPLIST_FILE = notifTests/Info.plist;
				LD_RUNPATH_SEARCH_PATHS = "$(inherited) @executable_path/Frameworks @loader_path/Frameworks";
				PRODUCT_BUNDLE_IDENTIFIER = luok.notifTests;
				PRODUCT_NAME = "$(TARGET_NAME)";
				TEST_HOST = "$(BUILT_PRODUCTS_DIR)/notif.app/notif";
			};
			name = Release;
		};
		B4C5839D1D07FF6900EF508A /* Debug */ = {
			isa = XCBuildConfiguration;
			buildSettings = {
				INFOPLIST_FILE = notifUITests/Info.plist;
				LD_RUNPATH_SEARCH_PATHS = "$(inherited) @executable_path/Frameworks @loader_path/Frameworks";
				PRODUCT_BUNDLE_IDENTIFIER = luok.notifUITests;
				PRODUCT_NAME = "$(TARGET_NAME)";
				TEST_TARGET_NAME = notif;
			};
			name = Debug;
		};
		B4C5839E1D07FF6900EF508A /* Release */ = {
			isa = XCBuildConfiguration;
			buildSettings = {
				INFOPLIST_FILE = notifUITests/Info.plist;
				LD_RUNPATH_SEARCH_PATHS = "$(inherited) @executable_path/Frameworks @loader_path/Frameworks";
				PRODUCT_BUNDLE_IDENTIFIER = luok.notifUITests;
				PRODUCT_NAME = "$(TARGET_NAME)";
				TEST_TARGET_NAME = notif;
			};
			name = Release;
		};
/* End XCBuildConfiguration section */

/* Begin XCConfigurationList section */
		B4C583641D07FF6900EF508A /* Build configuration list for PBXProject "notif" */ = {
			isa = XCConfigurationList;
			buildConfigurations = (
				B4C583941D07FF6900EF508A /* Debug */,
				B4C583951D07FF6900EF508A /* Release */,
			);
			defaultConfigurationIsVisible = 0;
			defaultConfigurationName = Release;
		};
		B4C583961D07FF6900EF508A /* Build configuration list for PBXNativeTarget "notif" */ = {
			isa = XCConfigurationList;
			buildConfigurations = (
				B4C583971D07FF6900EF508A /* Debug */,
				B4C583981D07FF6900EF508A /* Release */,
			);
			defaultConfigurationIsVisible = 0;
		};
		B4C583991D07FF6900EF508A /* Build configuration list for PBXNativeTarget "notifTests" */ = {
			isa = XCConfigurationList;
			buildConfigurations = (
				B4C5839A1D07FF6900EF508A /* Debug */,
				B4C5839B1D07FF6900EF508A /* Release */,
			);
			defaultConfigurationIsVisible = 0;
		};
		B4C5839C1D07FF6900EF508A /* Build configuration list for PBXNativeTarget "notifUITests" */ = {
			isa = XCConfigurationList;
			buildConfigurations = (
				B4C5839D1D07FF6900EF508A /* Debug */,
				B4C5839E1D07FF6900EF508A /* Release */,
			);
			defaultConfigurationIsVisible = 0;
		};
/* End XCConfigurationList section */
	};
	rootObject = B4C583611D07FF6900EF508A /* Project object */;
}
